Microsoft Visual Studio Solution File, Format Version 12.00
# Visual Studio Version 17
VisualStudioVersion = 17.13.35818.85
MinimumVisualStudioVersion = 10.0.40219.1
Project("{FAE04EC0-301F-11D3-BF4B-00C04F79EFBC}") = "Login", "Login\Login.csproj", "{AF498271-72E3-45AC-9DA4-FE1D97C553B0}"
EndProject
Global
	GlobalSection(SolutionConfigurationPlatforms) = preSolution
		Debug|Any CPU = Debug|Any CPU
		Release|Any CPU = Release|Any CPU
	EndGlobalSection
	GlobalSection(ProjectConfigurationPlatforms) = postSolution
		{AF498271-72E3-45AC-9DA4-FE1D97C553B0}.Debug|Any CPU.ActiveCfg = Debug|Any CPU
		{AF498271-72E3-45AC-9DA4-FE1D97C553B0}.Debug|Any CPU.Build.0 = Debug|Any CPU
		{AF498271-72E3-45AC-9DA4-FE1D97C553B0}.Release|Any CPU.ActiveCfg = Release|Any CPU
		{AF498271-72E3-45AC-9DA4-FE1D97C553B0}.Release|Any CPU.Build.0 = Release|Any CPU
	EndGlobalSection
	GlobalSection(SolutionProperties) = preSolution
		HideSolutionNode = FALSE
	EndGlobalSection
	GlobalSection(ExtensibilityGlobals) = postSolution
		SolutionGuid = {678D20B3-552D-4E83-B125-461FD0CA6E5D}
	EndGlobalSection
EndGlobal
